
Microsoft Visual Studio Solution File, Format Version 11.00
# Visual Studio 2010
Project("{FAE04EC0-301F-11D3-BF4B-00C04F79EFBC}") = "Starter.Web", "source\Starter.Web\Starter.Web.csproj", "{3BFA4E2B-C7B4-4B29-93D5-D028133E1AEB}"
EndProject
Project("{FAE04EC0-301F-11D3-BF4B-00C04F79EFBC}") = "Common.Domain", "source\Common.Domain\Common.Domain.csproj", "{74471C48-0190-42E4-A3C0-404AD26A2936}"
EndProject
Project("{FAE04EC0-301F-11D3-BF4B-00C04F79EFBC}") = "Starter.Domain", "source\Starter.Domain\Starter.Domain.csproj", "{8850D056-C0FA-45EF-9F16-6664F3658544}"
EndProject
Project("{2150E333-8FDC-42A3-9474-1A3956D46DE8}") = "Domain", "Domain", "{448DE961-495D-4951-A3E7-8E3CB5C710B3}"
EndProject
Project("{2150E333-8FDC-42A3-9474-1A3956D46DE8}") = "Web", "Web", "{AE25AE71-0050-4F7E-8A91-8BFE81D1DA66}"
EndProject
Project("{2150E333-8FDC-42A3-9474-1A3956D46DE8}") = "Specifications", "Specifications", "{866F20A8-DE99-440D-86E8-8FA334D48502}"
EndProject
Project("{FAE04EC0-301F-11D3-BF4B-00C04F79EFBC}") = "Starter.Web.Specifications", "source\Starter.Web.Specifications\Starter.Web.Specifications.csproj", "{0744A62B-526F-4568-8180-C8998D976EA1}"
EndProject
Project("{FAE04EC0-301F-11D3-BF4B-00C04F79EFBC}") = "Starter.Domain.Specifications", "source\Starter.Domain.Specifications\Starter.Domain.Specifications.csproj", "{2763AA19-B4F9-491E-B077-8B1F07A8B789}"
EndProject
Project("{FAE04EC0-301F-11D3-BF4B-00C04F79EFBC}") = "Common.Domain.Specifications", "source\Common.Domain.Specifications\Common.Domain.Specifications.csproj", "{954D7476-944E-4D88-8E74-D54ED5425234}"
EndProject
Project("{FAE04EC0-301F-11D3-BF4B-00C04F79EFBC}") = "Core.Web", "source\Core.Web\Core.Web.csproj", "{B76CA656-5BD1-4069-8312-7CF1ED48AB23}"
EndProject
Project("{2150E333-8FDC-42A3-9474-1A3956D46DE8}") = "Core", "Core", "{2A5331CD-78C0-4037-A072-2C26B003BBFA}"
EndProject
Project("{FAE04EC0-301F-11D3-BF4B-00C04F79EFBC}") = "Core", "source\Core\Core.csproj", "{59C5298E-ECE8-48E8-9666-33F6A73C17A4}"
EndProject
Global
	GlobalSection(SolutionConfigurationPlatforms) = preSolution
		Debug|Any CPU = Debug|Any CPU
		Release|Any CPU = Release|Any CPU
	EndGlobalSection
	GlobalSection(ProjectConfigurationPlatforms) = postSolution
		{3BFA4E2B-C7B4-4B29-93D5-D028133E1AEB}.Debug|Any CPU.ActiveCfg = Debug|Any CPU
		{3BFA4E2B-C7B4-4B29-93D5-D028133E1AEB}.Debug|Any CPU.Build.0 = Debug|Any CPU
		{3BFA4E2B-C7B4-4B29-93D5-D028133E1AEB}.Release|Any CPU.ActiveCfg = Release|Any CPU
		{3BFA4E2B-C7B4-4B29-93D5-D028133E1AEB}.Release|Any CPU.Build.0 = Release|Any CPU
		{74471C48-0190-42E4-A3C0-404AD26A2936}.Debug|Any CPU.ActiveCfg = Debug|Any CPU
		{74471C48-0190-42E4-A3C0-404AD26A2936}.Debug|Any CPU.Build.0 = Debug|Any CPU
		{74471C48-0190-42E4-A3C0-404AD26A2936}.Release|Any CPU.ActiveCfg = Release|Any CPU
		{74471C48-0190-42E4-A3C0-404AD26A2936}.Release|Any CPU.Build.0 = Release|Any CPU
		{8850D056-C0FA-45EF-9F16-6664F3658544}.Debug|Any CPU.ActiveCfg = Debug|Any CPU
		{8850D056-C0FA-45EF-9F16-6664F3658544}.Debug|Any CPU.Build.0 = Debug|Any CPU
		{8850D056-C0FA-45EF-9F16-6664F3658544}.Release|Any CPU.ActiveCfg = Release|Any CPU
		{8850D056-C0FA-45EF-9F16-6664F3658544}.Release|Any CPU.Build.0 = Release|Any CPU
		{0744A62B-526F-4568-8180-C8998D976EA1}.Debug|Any CPU.ActiveCfg = Debug|Any CPU
		{0744A62B-526F-4568-8180-C8998D976EA1}.Debug|Any CPU.Build.0 = Debug|Any CPU
		{0744A62B-526F-4568-8180-C8998D976EA1}.Release|Any CPU.ActiveCfg = Release|Any CPU
		{0744A62B-526F-4568-8180-C8998D976EA1}.Release|Any CPU.Build.0 = Release|Any CPU
		{2763AA19-B4F9-491E-B077-8B1F07A8B789}.Debug|Any CPU.ActiveCfg = Debug|Any CPU
		{2763AA19-B4F9-491E-B077-8B1F07A8B789}.Debug|Any CPU.Build.0 = Debug|Any CPU
		{2763AA19-B4F9-491E-B077-8B1F07A8B789}.Release|Any CPU.ActiveCfg = Release|Any CPU
		{2763AA19-B4F9-491E-B077-8B1F07A8B789}.Release|Any CPU.Build.0 = Release|Any CPU
		{954D7476-944E-4D88-8E74-D54ED5425234}.Debug|Any CPU.ActiveCfg = Debug|Any CPU
		{954D7476-944E-4D88-8E74-D54ED5425234}.Debug|Any CPU.Build.0 = Debug|Any CPU
		{954D7476-944E-4D88-8E74-D54ED5425234}.Release|Any CPU.ActiveCfg = Release|Any CPU
		{954D7476-944E-4D88-8E74-D54ED5425234}.Release|Any CPU.Build.0 = Release|Any CPU
		{B76CA656-5BD1-4069-8312-7CF1ED48AB23}.Debug|Any CPU.ActiveCfg = Debug|Any CPU
		{B76CA656-5BD1-4069-8312-7CF1ED48AB23}.Debug|Any CPU.Build.0 = Debug|Any CPU
		{B76CA656-5BD1-4069-8312-7CF1ED48AB23}.Release|Any CPU.ActiveCfg = Release|Any CPU
		{B76CA656-5BD1-4069-8312-7CF1ED48AB23}.Release|Any CPU.Build.0 = Release|Any CPU
		{59C5298E-ECE8-48E8-9666-33F6A73C17A4}.Debug|Any CPU.ActiveCfg = Debug|Any CPU
		{59C5298E-ECE8-48E8-9666-33F6A73C17A4}.Debug|Any CPU.Build.0 = Debug|Any CPU
		{59C5298E-ECE8-48E8-9666-33F6A73C17A4}.Release|Any CPU.ActiveCfg = Release|Any CPU
		{59C5298E-ECE8-48E8-9666-33F6A73C17A4}.Release|Any CPU.Build.0 = Release|Any CPU
	EndGlobalSection
	GlobalSection(SolutionProperties) = preSolution
		HideSolutionNode = FALSE
	EndGlobalSection
	GlobalSection(NestedProjects) = preSolution
		{3BFA4E2B-C7B4-4B29-93D5-D028133E1AEB} = {AE25AE71-0050-4F7E-8A91-8BFE81D1DA66}
		{B76CA656-5BD1-4069-8312-7CF1ED48AB23} = {AE25AE71-0050-4F7E-8A91-8BFE81D1DA66}
		{8850D056-C0FA-45EF-9F16-6664F3658544} = {448DE961-495D-4951-A3E7-8E3CB5C710B3}
		{74471C48-0190-42E4-A3C0-404AD26A2936} = {448DE961-495D-4951-A3E7-8E3CB5C710B3}
		{0744A62B-526F-4568-8180-C8998D976EA1} = {866F20A8-DE99-440D-86E8-8FA334D48502}
		{2763AA19-B4F9-491E-B077-8B1F07A8B789} = {866F20A8-DE99-440D-86E8-8FA334D48502}
		{954D7476-944E-4D88-8E74-D54ED5425234} = {866F20A8-DE99-440D-86E8-8FA334D48502}
		{59C5298E-ECE8-48E8-9666-33F6A73C17A4} = {2A5331CD-78C0-4037-A072-2C26B003BBFA}
	EndGlobalSection
EndGlobal
